
Microsoft Visual Studio Solution File, Format Version 12.00
# Visual Studio 14
VisualStudioVersion = 14.0.24720.0
MinimumVisualStudioVersion = 10.0.40219.1
Project("{FAE04EC0-301F-11D3-BF4B-00C04F79EFBC}") = "SportsStore.Domain", "SportsStore.Domain\SportsStore.Domain.csproj", "{7B7A30A2-128E-49FE-A03E-5C4B5A10D845}"
EndProject
Project("{FAE04EC0-301F-11D3-BF4B-00C04F79EFBC}") = "SportsStore.WebUI", "SportsStore.WebUI\SportsStore.WebUI.csproj", "{FDDC5CCD-8D99-4835-98E8-2CD78A7A6DF7}"
EndProject
Project("{FAE04EC0-301F-11D3-BF4B-00C04F79EFBC}") = "SportsStore.UnitTests", "SportsStore.UnitTests\SportsStore.UnitTests.csproj", "{A59BCE7E-0FB7-40CD-B959-5B5E2E7131B6}"
EndProject
Project("{2150E333-8FDC-42A3-9474-1A3956D46DE8}") = "Solution Items", "Solution Items", "{9A34E107-BCA4-4187-86AA-A1D6757B4B10}"
	ProjectSection(SolutionItems) = preProject
		.gitignore = .gitignore
		README.md = README.md
	EndProjectSection
EndProject
Global
	GlobalSection(SolutionConfigurationPlatforms) = preSolution
		Debug|Any CPU = Debug|Any CPU
		Release|Any CPU = Release|Any CPU
	EndGlobalSection
	GlobalSection(ProjectConfigurationPlatforms) = postSolution
		{7B7A30A2-128E-49FE-A03E-5C4B5A10D845}.Debug|Any CPU.ActiveCfg = Debug|Any CPU
		{7B7A30A2-128E-49FE-A03E-5C4B5A10D845}.Debug|Any CPU.Build.0 = Debug|Any CPU
		{7B7A30A2-128E-49FE-A03E-5C4B5A10D845}.Release|Any CPU.ActiveCfg = Release|Any CPU
		{7B7A30A2-128E-49FE-A03E-5C4B5A10D845}.Release|Any CPU.Build.0 = Release|Any CPU
		{FDDC5CCD-8D99-4835-98E8-2CD78A7A6DF7}.Debug|Any CPU.ActiveCfg = Debug|Any CPU
		{FDDC5CCD-8D99-4835-98E8-2CD78A7A6DF7}.Debug|Any CPU.Build.0 = Debug|Any CPU
		{FDDC5CCD-8D99-4835-98E8-2CD78A7A6DF7}.Release|Any CPU.ActiveCfg = Release|Any CPU
		{FDDC5CCD-8D99-4835-98E8-2CD78A7A6DF7}.Release|Any CPU.Build.0 = Release|Any CPU
		{A59BCE7E-0FB7-40CD-B959-5B5E2E7131B6}.Debug|Any CPU.ActiveCfg = Debug|Any CPU
		{A59BCE7E-0FB7-40CD-B959-5B5E2E7131B6}.Debug|Any CPU.Build.0 = Debug|Any CPU
		{A59BCE7E-0FB7-40CD-B959-5B5E2E7131B6}.Release|Any CPU.ActiveCfg = Release|Any CPU
		{A59BCE7E-0FB7-40CD-B959-5B5E2E7131B6}.Release|Any CPU.Build.0 = Release|Any CPU
	EndGlobalSection
	GlobalSection(SolutionProperties) = preSolution
		HideSolutionNode = FALSE
	EndGlobalSection
EndGlobal
